
Microsoft Visual Studio Solution File, Format Version 12.00
# Visual Studio Version 17
VisualStudioVersion = 17.1.32319.34
MinimumVisualStudioVersion = 10.0.40219.1
Project("{FAE04EC0-301F-11D3-BF4B-00C04F79EFBC}") = "Instagram Followers-Following", "Instagram Followers-Following\Instagram Followers-Following.csproj", "{F3947566-B880-4013-A22A-F403E2BD4794}"
EndProject
Global
	GlobalSection(SolutionConfigurationPlatforms) = preSolution
		Debug|Any CPU = Debug|Any CPU
		Release|Any CPU = Release|Any CPU
	EndGlobalSection
	GlobalSection(ProjectConfigurationPlatforms) = postSolution
		{F3947566-B880-4013-A22A-F403E2BD4794}.Debug|Any CPU.ActiveCfg = Debug|Any CPU
		{F3947566-B880-4013-A22A-F403E2BD4794}.Debug|Any CPU.Build.0 = Debug|Any CPU
		{F3947566-B880-4013-A22A-F403E2BD4794}.Release|Any CPU.ActiveCfg = Release|Any CPU
		{F3947566-B880-4013-A22A-F403E2BD4794}.Release|Any CPU.Build.0 = Release|Any CPU
	EndGlobalSection
	GlobalSection(SolutionProperties) = preSolution
		HideSolutionNode = FALSE
	EndGlobalSection
	GlobalSection(ExtensibilityGlobals) = postSolution
		SolutionGuid = {DBE8538C-204F-4821-B1E4-448D1712C4A4}
	EndGlobalSection
EndGlobal
